
Microsoft Visual Studio Solution File, Format Version 12.00
# Visual Studio 14
VisualStudioVersion = 14.0.24720.0
MinimumVisualStudioVersion = 10.0.40219.1
Project("{FAE04EC0-301F-11D3-BF4B-00C04F79EFBC}") = "EF-Learn.WebUI", "EF-Learn.WebUI\EF-Learn.WebUI.csproj", "{3735AAAD-3ECE-4859-9B00-644B2698AF1D}"
EndProject
Project("{FAE04EC0-301F-11D3-BF4B-00C04F79EFBC}") = "EF-Learn.Model", "EF-Learn.Model\EF-Learn.Model.csproj", "{EBFD0C7D-308B-4689-9DAE-960B93DC3031}"
EndProject
Project("{FAE04EC0-301F-11D3-BF4B-00C04F79EFBC}") = "EF-Learn.ModelFactory", "EF-Learn.ModelFactory\EF-Learn.ModelFactory.csproj", "{02F8DDB7-1BAD-4214-A2C8-5092077D6E3B}"
EndProject
Project("{FAE04EC0-301F-11D3-BF4B-00C04F79EFBC}") = "EF-Learn.IDAL", "EF-Learn.IDAL\EF-Learn.IDAL.csproj", "{CF114749-CA3E-4E48-800D-167FEB94CB19}"
EndProject
Project("{FAE04EC0-301F-11D3-BF4B-00C04F79EFBC}") = "EF-Learn.DAL", "EF-Learn.DAL\EF-Learn.DAL.csproj", "{6E1EE550-FD93-4E40-9FA8-A7C763A5BFE4}"
EndProject
Project("{FAE04EC0-301F-11D3-BF4B-00C04F79EFBC}") = "EF-Learn.BLL", "EF-Learn.BLL\EF-Learn.BLL.csproj", "{2E4B9B1F-87A9-4B64-8EF9-54C9876BAC58}"
EndProject
Project("{FAE04EC0-301F-11D3-BF4B-00C04F79EFBC}") = "EF-Learn.IBLL", "EF-Learn.IBLL\EF-Learn.IBLL.csproj", "{071B24B9-2301-42EF-8256-C9114539B738}"
EndProject
Project("{2150E333-8FDC-42A3-9474-1A3956D46DE8}") = "DAL", "DAL", "{3A77E171-99D5-49AA-AE90-797B1C1EC0A9}"
EndProject
Project("{2150E333-8FDC-42A3-9474-1A3956D46DE8}") = "BLL", "BLL", "{17B7E577-213D-4B09-8CC5-9E7913829BB6}"
EndProject
Project("{2150E333-8FDC-42A3-9474-1A3956D46DE8}") = "Model", "Model", "{F761F6AC-980C-4D5C-BF54-6E37C402B959}"
EndProject
Project("{2150E333-8FDC-42A3-9474-1A3956D46DE8}") = "Test", "Test", "{AE25BEBD-5060-4A66-AAE4-C216C58F1368}"
EndProject
Project("{2150E333-8FDC-42A3-9474-1A3956D46DE8}") = "UI", "UI", "{A60DC811-59FD-4882-9CC4-CEF2ECBE8104}"
EndProject
Project("{2150E333-8FDC-42A3-9474-1A3956D46DE8}") = "Common", "Common", "{D4FEA0AD-0482-4ECE-B0B4-78F5302E1080}"
EndProject
Project("{FAE04EC0-301F-11D3-BF4B-00C04F79EFBC}") = "EF-Learn.Common", "EF-Learn.Common\EF-Learn.Common.csproj", "{405113E5-1BF6-4CEB-9C34-98F259E99A65}"
EndProject
Project("{FAE04EC0-301F-11D3-BF4B-00C04F79EFBC}") = "EF-Learn.Console", "EF-Learn.Console\EF-Learn.Console.csproj", "{C0FA5BE3-479C-4B8F-91B7-612246E682F5}"
EndProject
Global
	GlobalSection(SolutionConfigurationPlatforms) = preSolution
		Debug|Any CPU = Debug|Any CPU
		Release|Any CPU = Release|Any CPU
	EndGlobalSection
	GlobalSection(ProjectConfigurationPlatforms) = postSolution
		{3735AAAD-3ECE-4859-9B00-644B2698AF1D}.Debug|Any CPU.ActiveCfg = Debug|Any CPU
		{3735AAAD-3ECE-4859-9B00-644B2698AF1D}.Debug|Any CPU.Build.0 = Debug|Any CPU
		{3735AAAD-3ECE-4859-9B00-644B2698AF1D}.Release|Any CPU.ActiveCfg = Release|Any CPU
		{3735AAAD-3ECE-4859-9B00-644B2698AF1D}.Release|Any CPU.Build.0 = Release|Any CPU
		{EBFD0C7D-308B-4689-9DAE-960B93DC3031}.Debug|Any CPU.ActiveCfg = Debug|Any CPU
		{EBFD0C7D-308B-4689-9DAE-960B93DC3031}.Debug|Any CPU.Build.0 = Debug|Any CPU
		{EBFD0C7D-308B-4689-9DAE-960B93DC3031}.Release|Any CPU.ActiveCfg = Release|Any CPU
		{EBFD0C7D-308B-4689-9DAE-960B93DC3031}.Release|Any CPU.Build.0 = Release|Any CPU
		{02F8DDB7-1BAD-4214-A2C8-5092077D6E3B}.Debug|Any CPU.ActiveCfg = Debug|Any CPU
		{02F8DDB7-1BAD-4214-A2C8-5092077D6E3B}.Debug|Any CPU.Build.0 = Debug|Any CPU
		{02F8DDB7-1BAD-4214-A2C8-5092077D6E3B}.Release|Any CPU.ActiveCfg = Release|Any CPU
		{02F8DDB7-1BAD-4214-A2C8-5092077D6E3B}.Release|Any CPU.Build.0 = Release|Any CPU
		{CF114749-CA3E-4E48-800D-167FEB94CB19}.Debug|Any CPU.ActiveCfg = Debug|Any CPU
		{CF114749-CA3E-4E48-800D-167FEB94CB19}.Debug|Any CPU.Build.0 = Debug|Any CPU
		{CF114749-CA3E-4E48-800D-167FEB94CB19}.Release|Any CPU.ActiveCfg = Release|Any CPU
		{CF114749-CA3E-4E48-800D-167FEB94CB19}.Release|Any CPU.Build.0 = Release|Any CPU
		{6E1EE550-FD93-4E40-9FA8-A7C763A5BFE4}.Debug|Any CPU.ActiveCfg = Debug|Any CPU
		{6E1EE550-FD93-4E40-9FA8-A7C763A5BFE4}.Debug|Any CPU.Build.0 = Debug|Any CPU
		{6E1EE550-FD93-4E40-9FA8-A7C763A5BFE4}.Release|Any CPU.ActiveCfg = Release|Any CPU
		{6E1EE550-FD93-4E40-9FA8-A7C763A5BFE4}.Release|Any CPU.Build.0 = Release|Any CPU
		{2E4B9B1F-87A9-4B64-8EF9-54C9876BAC58}.Debug|Any CPU.ActiveCfg = Debug|Any CPU
		{2E4B9B1F-87A9-4B64-8EF9-54C9876BAC58}.Debug|Any CPU.Build.0 = Debug|Any CPU
		{2E4B9B1F-87A9-4B64-8EF9-54C9876BAC58}.Release|Any CPU.ActiveCfg = Release|Any CPU
		{2E4B9B1F-87A9-4B64-8EF9-54C9876BAC58}.Release|Any CPU.Build.0 = Release|Any CPU
		{071B24B9-2301-42EF-8256-C9114539B738}.Debug|Any CPU.ActiveCfg = Debug|Any CPU
		{071B24B9-2301-42EF-8256-C9114539B738}.Debug|Any CPU.Build.0 = Debug|Any CPU
		{071B24B9-2301-42EF-8256-C9114539B738}.Release|Any CPU.ActiveCfg = Release|Any CPU
		{071B24B9-2301-42EF-8256-C9114539B738}.Release|Any CPU.Build.0 = Release|Any CPU
		{405113E5-1BF6-4CEB-9C34-98F259E99A65}.Debug|Any CPU.ActiveCfg = Debug|Any CPU
		{405113E5-1BF6-4CEB-9C34-98F259E99A65}.Debug|Any CPU.Build.0 = Debug|Any CPU
		{405113E5-1BF6-4CEB-9C34-98F259E99A65}.Release|Any CPU.ActiveCfg = Release|Any CPU
		{405113E5-1BF6-4CEB-9C34-98F259E99A65}.Release|Any CPU.Build.0 = Release|Any CPU
		{C0FA5BE3-479C-4B8F-91B7-612246E682F5}.Debug|Any CPU.ActiveCfg = Debug|Any CPU
		{C0FA5BE3-479C-4B8F-91B7-612246E682F5}.Debug|Any CPU.Build.0 = Debug|Any CPU
		{C0FA5BE3-479C-4B8F-91B7-612246E682F5}.Release|Any CPU.ActiveCfg = Release|Any CPU
		{C0FA5BE3-479C-4B8F-91B7-612246E682F5}.Release|Any CPU.Build.0 = Release|Any CPU
	EndGlobalSection
	GlobalSection(SolutionProperties) = preSolution
		HideSolutionNode = FALSE
	EndGlobalSection
	GlobalSection(NestedProjects) = preSolution
		{3735AAAD-3ECE-4859-9B00-644B2698AF1D} = {A60DC811-59FD-4882-9CC4-CEF2ECBE8104}
		{EBFD0C7D-308B-4689-9DAE-960B93DC3031} = {F761F6AC-980C-4D5C-BF54-6E37C402B959}
		{02F8DDB7-1BAD-4214-A2C8-5092077D6E3B} = {F761F6AC-980C-4D5C-BF54-6E37C402B959}
		{CF114749-CA3E-4E48-800D-167FEB94CB19} = {3A77E171-99D5-49AA-AE90-797B1C1EC0A9}
		{6E1EE550-FD93-4E40-9FA8-A7C763A5BFE4} = {3A77E171-99D5-49AA-AE90-797B1C1EC0A9}
		{2E4B9B1F-87A9-4B64-8EF9-54C9876BAC58} = {17B7E577-213D-4B09-8CC5-9E7913829BB6}
		{071B24B9-2301-42EF-8256-C9114539B738} = {17B7E577-213D-4B09-8CC5-9E7913829BB6}
		{405113E5-1BF6-4CEB-9C34-98F259E99A65} = {D4FEA0AD-0482-4ECE-B0B4-78F5302E1080}
		{C0FA5BE3-479C-4B8F-91B7-612246E682F5} = {AE25BEBD-5060-4A66-AAE4-C216C58F1368}
	EndGlobalSection
EndGlobal
